
Microsoft Visual Studio Solution File, Format Version 12.00
# Visual Studio Version 16
VisualStudioVersion = 16.0.29926.136
MinimumVisualStudioVersion = 10.0.40219.1
Project("{FAE04EC0-301F-11D3-BF4B-00C04F79EFBC}") = "GitTest", "GitTest.csproj", "{3D60210C-C5C3-44DD-A702-2BFE660E015C}"
EndProject
Global
	GlobalSection(SolutionConfigurationPlatforms) = preSolution
		Debug|Any CPU = Debug|Any CPU
		Release|Any CPU = Release|Any CPU
	EndGlobalSection
	GlobalSection(ProjectConfigurationPlatforms) = postSolution
		{3D60210C-C5C3-44DD-A702-2BFE660E015C}.Debug|Any CPU.ActiveCfg = Debug|Any CPU
		{3D60210C-C5C3-44DD-A702-2BFE660E015C}.Debug|Any CPU.Build.0 = Debug|Any CPU
		{3D60210C-C5C3-44DD-A702-2BFE660E015C}.Release|Any CPU.ActiveCfg = Release|Any CPU
		{3D60210C-C5C3-44DD-A702-2BFE660E015C}.Release|Any CPU.Build.0 = Release|Any CPU
	EndGlobalSection
	GlobalSection(SolutionProperties) = preSolution
		HideSolutionNode = FALSE
	EndGlobalSection
	GlobalSection(ExtensibilityGlobals) = postSolution
		SolutionGuid = {5457FE2E-9285-41C8-AA77-1B284F677867}
	EndGlobalSection
EndGlobal
